
Microsoft Visual Studio Solution File, Format Version 12.00
# Visual Studio Version 16
VisualStudioVersion = 16.0.30011.22
MinimumVisualStudioVersion = 10.0.40219.1
Project("{9A19103F-16F7-4668-BE54-9A1E7A4F7556}") = "MapChallenge.Server", "MapChallenge\Server\MapChallenge.Server.csproj", "{AEADC52D-94FC-47B4-8B54-C669BB02B72C}"
EndProject
Project("{9A19103F-16F7-4668-BE54-9A1E7A4F7556}") = "MapChallenge.Client", "MapChallenge\Client\MapChallenge.Client.csproj", "{5B89D727-6665-4991-86F8-E95A0592CCCD}"
EndProject
Project("{9A19103F-16F7-4668-BE54-9A1E7A4F7556}") = "MapChallenge.Shared", "MapChallenge\Shared\MapChallenge.Shared.csproj", "{D277B353-9C6A-4376-B226-F9DD1BE70A20}"
EndProject
Global
	GlobalSection(SolutionConfigurationPlatforms) = preSolution
		Debug|Any CPU = Debug|Any CPU
		Release|Any CPU = Release|Any CPU
	EndGlobalSection
	GlobalSection(ProjectConfigurationPlatforms) = postSolution
		{AEADC52D-94FC-47B4-8B54-C669BB02B72C}.Debug|Any CPU.ActiveCfg = Debug|Any CPU
		{AEADC52D-94FC-47B4-8B54-C669BB02B72C}.Debug|Any CPU.Build.0 = Debug|Any CPU
		{AEADC52D-94FC-47B4-8B54-C669BB02B72C}.Release|Any CPU.ActiveCfg = Release|Any CPU
		{AEADC52D-94FC-47B4-8B54-C669BB02B72C}.Release|Any CPU.Build.0 = Release|Any CPU
		{5B89D727-6665-4991-86F8-E95A0592CCCD}.Debug|Any CPU.ActiveCfg = Debug|Any CPU
		{5B89D727-6665-4991-86F8-E95A0592CCCD}.Debug|Any CPU.Build.0 = Debug|Any CPU
		{5B89D727-6665-4991-86F8-E95A0592CCCD}.Release|Any CPU.ActiveCfg = Release|Any CPU
		{5B89D727-6665-4991-86F8-E95A0592CCCD}.Release|Any CPU.Build.0 = Release|Any CPU
		{D277B353-9C6A-4376-B226-F9DD1BE70A20}.Debug|Any CPU.ActiveCfg = Debug|Any CPU
		{D277B353-9C6A-4376-B226-F9DD1BE70A20}.Debug|Any CPU.Build.0 = Debug|Any CPU
		{D277B353-9C6A-4376-B226-F9DD1BE70A20}.Release|Any CPU.ActiveCfg = Release|Any CPU
		{D277B353-9C6A-4376-B226-F9DD1BE70A20}.Release|Any CPU.Build.0 = Release|Any CPU
	EndGlobalSection
	GlobalSection(SolutionProperties) = preSolution
		HideSolutionNode = FALSE
	EndGlobalSection
	GlobalSection(ExtensibilityGlobals) = postSolution
		SolutionGuid = {DE5AA335-B7B3-4AF7-9F33-27C908285746}
	EndGlobalSection
EndGlobal
